// !$*UTF8*$!
{
	archiveVersion = 1;
	classes = {
	};
	objectVersion = 46;
	objects = {

/* Begin PBXBuildFile section */
		1890BA2E19F24506008A880C /* HMAuthorizationController.m in Sources */ = {isa = PBXBuildFile; fileRef = 1890BA2D19F24506008A880C /* HMAuthorizationController.m */; };
		18B4536819F255660031B840 /* LaunchScreen.xib in Resources */ = {isa = PBXBuildFile; fileRef = 18B4536619F255660031B840 /* LaunchScreen.xib */; };
		18B4536919F255660031B840 /* Main.storyboard in Resources */ = {isa = PBXBuildFile; fileRef = 18B4536719F255660031B840 /* Main.storyboard */; };
		64E578C67BD74057B4214ECB /* libPods.a in Frameworks */ = {isa = PBXBuildFile; fileRef = 53E0DC3C33054917A369E7D3 /* libPods.a */; };
		86C712DD19F1AD9D00B48369 /* main.m in Sources */ = {isa = PBXBuildFile; fileRef = 86C712DC19F1AD9D00B48369 /* main.m */; };
		86C712E019F1AD9D00B48369 /* AppDelegate.m in Sources */ = {isa = PBXBuildFile; fileRef = 86C712DF19F1AD9D00B48369 /* AppDelegate.m */; };
		86C712E319F1AD9D00B48369 /* HelloMaps.xcdatamodeld in Sources */ = {isa = PBXBuildFile; fileRef = 86C712E119F1AD9D00B48369 /* HelloMaps.xcdatamodeld */; };
		86C712EB19F1AD9D00B48369 /* Images.xcassets in Resources */ = {isa = PBXBuildFile; fileRef = 86C712EA19F1AD9D00B48369 /* Images.xcassets */; };
		86C712FA19F1AD9D00B48369 /* HelloMapsTests.m in Sources */ = {isa = PBXBuildFile; fileRef = 86C712F919F1AD9D00B48369 /* HelloMapsTests.m */; };
		86C7131719F24B0300B48369 /* HMFriendsListController.m in Sources */ = {isa = PBXBuildFile; fileRef = 86C7131619F24B0300B48369 /* HMFriendsListController.m */; };
/* End PBXBuildFile section */

/* Begin PBXContainerItemProxy section */
		86C712F419F1AD9D00B48369 /* PBXContainerItemProxy */ = {
			isa = PBXContainerItemProxy;
			containerPortal = 86C712CF19F1AD9D00B48369 /* Project object */;
			proxyType = 1;
			remoteGlobalIDString = 86C712D619F1AD9D00B48369;
			remoteInfo = HelloMaps;
		};
/* End PBXContainerItemProxy section */

/* Begin PBXFileReference section */
		1890BA2C19F24506008A880C /* HMAuthorizationController.h */ = {isa = PBXFileReference; fileEncoding = 4; lastKnownFileType = sourcecode.c.h; path = HMAuthorizationController.h; sourceTree = "<group>"; };
		1890BA2D19F24506008A880C /* HMAuthorizationController.m */ = {isa = PBXFileReference; fileEncoding = 4; lastKnownFileType = sourcecode.c.objc; path = HMAuthorizationController.m; sourceTree = "<group>"; };
		18B4536619F255660031B840 /* LaunchScreen.xib */ = {isa = PBXFileReference; fileEncoding = 4; lastKnownFileType = file.xib; path = LaunchScreen.xib; sourceTree = "<group>"; };
		18B4536719F255660031B840 /* Main.storyboard */ = {isa = PBXFileReference; fileEncoding = 4; lastKnownFileType = file.storyboard; path = Main.storyboard; sourceTree = "<group>"; };
		18B4536B19F257910031B840 /* HMConsts.h */ = {isa = PBXFileReference; fileEncoding = 4; lastKnownFileType = sourcecode.c.h; path = HMConsts.h; sourceTree = "<group>"; };
		440F494008A1FBC9BB6C6CFE /* Pods.debug.xcconfig */ = {isa = PBXFileReference; includeInIndex = 1; lastKnownFileType = text.xcconfig; name = Pods.debug.xcconfig; path = "Pods/Target Support Files/Pods/Pods.debug.xcconfig"; sourceTree = "<group>"; };
		5189A3B2F05635C148999B14 /* Pods.release.xcconfig */ = {isa = PBXFileReference; includeInIndex = 1; lastKnownFileType = text.xcconfig; name = Pods.release.xcconfig; path = "Pods/Target Support Files/Pods/Pods.release.xcconfig"; sourceTree = "<group>"; };
		53E0DC3C33054917A369E7D3 /* libPods.a */ = {isa = PBXFileReference; explicitFileType = archive.ar; includeInIndex = 0; path = libPods.a; sourceTree = BUILT_PRODUCTS_DIR; };
		86C712D719F1AD9D00B48369 /* HelloMaps.app */ = {isa = PBXFileReference; explicitFileType = wrapper.application; includeInIndex = 0; path = HelloMaps.app; sourceTree = BUILT_PRODUCTS_DIR; };
		86C712DB19F1AD9D00B48369 /* Info.plist */ = {isa = PBXFileReference; lastKnownFileType = text.plist.xml; path = Info.plist; sourceTree = "<group>"; };
		86C712DC19F1AD9D00B48369 /* main.m */ = {isa = PBXFileReference; lastKnownFileType = sourcecode.c.objc; path = main.m; sourceTree = "<group>"; };
		86C712DE19F1AD9D00B48369 /* AppDelegate.h */ = {isa = PBXFileReference; lastKnownFileType = sourcecode.c.h; path = AppDelegate.h; sourceTree = "<group>"; };
		86C712DF19F1AD9D00B48369 /* AppDelegate.m */ = {isa = PBXFileReference; lastKnownFileType = sourcecode.c.objc; path = AppDelegate.m; sourceTree = "<group>"; };
		86C712E219F1AD9D00B48369 /* HelloMaps.xcdatamodel */ = {isa = PBXFileReference; lastKnownFileType = wrapper.xcdatamodel; path = HelloMaps.xcdatamodel; sourceTree = "<group>"; };
		86C712EA19F1AD9D00B48369 /* Images.xcassets */ = {isa = PBXFileReference; lastKnownFileType = folder.assetcatalog; path = Images.xcassets; sourceTree = "<group>"; };
		86C712F319F1AD9D00B48369 /* HelloMapsTests.xctest */ = {isa = PBXFileReference; explicitFileType = wrapper.cfbundle; includeInIndex = 0; path = HelloMapsTests.xctest; sourceTree = BUILT_PRODUCTS_DIR; };
		86C712F819F1AD9D00B48369 /* Info.plist */ = {isa = PBXFileReference; lastKnownFileType = text.plist.xml; path = Info.plist; sourceTree = "<group>"; };
		86C712F919F1AD9D00B48369 /* HelloMapsTests.m */ = {isa = PBXFileReference; lastKnownFileType = sourcecode.c.objc; path = HelloMapsTests.m; sourceTree = "<group>"; };
		86C7130719F221DC00B48369 /* PrefixHeader.pch */ = {isa = PBXFileReference; lastKnownFileType = sourcecode.c.h; path = PrefixHeader.pch; sourceTree = "<group>"; };
		86C7131019F246A200B48369 /* Base */ = {isa = PBXFileReference; lastKnownFileType = file.xib; name = Base; path = Base.lproj/LaunchScreen.xib; sourceTree = "<group>"; };
		86C7131219F246A200B48369 /* Base */ = {isa = PBXFileReference; lastKnownFileType = file.storyboard; name = Base; path = Base.lproj/Main.storyboard; sourceTree = "<group>"; };
		86C7131519F24B0300B48369 /* HMFriendsListController.h */ = {isa = PBXFileReference; fileEncoding = 4; lastKnownFileType = sourcecode.c.h; path = HMFriendsListController.h; sourceTree = "<group>"; };
		86C7131619F24B0300B48369 /* HMFriendsListController.m */ = {isa = PBXFileReference; fileEncoding = 4; lastKnownFileType = sourcecode.c.objc; path = HMFriendsListController.m; sourceTree = "<group>"; };
/* End PBXFileReference section */

/* Begin PBXFrameworksBuildPhase section */
		86C712D419F1AD9D00B48369 /* Frameworks */ = {
			isa = PBXFrameworksBuildPhase;
			buildActionMask = 2147483647;
			files = (
				64E578C67BD74057B4214ECB /* libPods.a in Frameworks */,
			);
			runOnlyForDeploymentPostprocessing = 0;
		};
		86C712F019F1AD9D00B48369 /* Frameworks */ = {
			isa = PBXFrameworksBuildPhase;
			buildActionMask = 2147483647;
			files = (
			);
			runOnlyForDeploymentPostprocessing = 0;
		};
/* End PBXFrameworksBuildPhase section */

/* Begin PBXGroup section */
		18B4536A19F257910031B840 /* Common */ = {
			isa = PBXGroup;
			children = (
				18B4536B19F257910031B840 /* HMConsts.h */,
			);
			path = Common;
			sourceTree = "<group>";
		};
		7A25BB64F7354BEB92261167 /* Frameworks */ = {
			isa = PBXGroup;
			children = (
				53E0DC3C33054917A369E7D3 /* libPods.a */,
			);
			name = Frameworks;
			sourceTree = "<group>";
		};
		86C712CE19F1AD9D00B48369 = {
			isa = PBXGroup;
			children = (
				86C712D919F1AD9D00B48369 /* HelloMaps */,
				86C712F619F1AD9D00B48369 /* HelloMapsTests */,
				86C712D819F1AD9D00B48369 /* Products */,
				7A25BB64F7354BEB92261167 /* Frameworks */,
				9208C84D00EC5E968A157631 /* Pods */,
			);
			sourceTree = "<group>";
		};
		86C712D819F1AD9D00B48369 /* Products */ = {
			isa = PBXGroup;
			children = (
				86C712D719F1AD9D00B48369 /* HelloMaps.app */,
				86C712F319F1AD9D00B48369 /* HelloMapsTests.xctest */,
			);
			name = Products;
			sourceTree = "<group>";
		};
		86C712D919F1AD9D00B48369 /* HelloMaps */ = {
			isa = PBXGroup;
			children = (
				18B4536619F255660031B840 /* LaunchScreen.xib */,
				18B4536719F255660031B840 /* Main.storyboard */,
				1890BA2C19F24506008A880C /* HMAuthorizationController.h */,
				1890BA2D19F24506008A880C /* HMAuthorizationController.m */,
				86C7131519F24B0300B48369 /* HMFriendsListController.h */,
				86C7131619F24B0300B48369 /* HMFriendsListController.m */,
				86C712DE19F1AD9D00B48369 /* AppDelegate.h */,
				86C712DF19F1AD9D00B48369 /* AppDelegate.m */,
				86C7130F19F246A200B48369 /* LaunchScreen.xib */,
				86C7131119F246A200B48369 /* Main.storyboard */,
				86C712EA19F1AD9D00B48369 /* Images.xcassets */,
				86C712E119F1AD9D00B48369 /* HelloMaps.xcdatamodeld */,
				18B4536A19F257910031B840 /* Common */,
				86C712DA19F1AD9D00B48369 /* Supporting Files */,
			);
			path = HelloMaps;
			sourceTree = "<group>";
		};
		86C712DA19F1AD9D00B48369 /* Supporting Files */ = {
			isa = PBXGroup;
			children = (
				86C712DB19F1AD9D00B48369 /* Info.plist */,
				86C712DC19F1AD9D00B48369 /* main.m */,
				86C7130719F221DC00B48369 /* PrefixHeader.pch */,
			);
			name = "Supporting Files";
			sourceTree = "<group>";
		};
		86C712F619F1AD9D00B48369 /* HelloMapsTests */ = {
			isa = PBXGroup;
			children = (
				86C712F919F1AD9D00B48369 /* HelloMapsTests.m */,
				86C712F719F1AD9D00B48369 /* Supporting Files */,
			);
			path = HelloMapsTests;
			sourceTree = "<group>";
		};
		86C712F719F1AD9D00B48369 /* Supporting Files */ = {
			isa = PBXGroup;
			children = (
				86C712F819F1AD9D00B48369 /* Info.plist */,
			);
			name = "Supporting Files";
			sourceTree = "<group>";
		};
		9208C84D00EC5E968A157631 /* Pods */ = {
			isa = PBXGroup;
			children = (
				440F494008A1FBC9BB6C6CFE /* Pods.debug.xcconfig */,
				5189A3B2F05635C148999B14 /* Pods.release.xcconfig */,
			);
			name = Pods;
			sourceTree = "<group>";
		};
/* End PBXGroup section */

/* Begin PBXNativeTarget section */
		86C712D619F1AD9D00B48369 /* HelloMaps */ = {
			isa = PBXNativeTarget;
			buildConfigurationList = 86C712FD19F1AD9D00B48369 /* Build configuration list for PBXNativeTarget "HelloMaps" */;
			buildPhases = (
				8277740351464F2481C7A7CD /* Check Pods Manifest.lock */,
				86C712D319F1AD9D00B48369 /* Sources */,
				86C712D419F1AD9D00B48369 /* Frameworks */,
				86C712D519F1AD9D00B48369 /* Resources */,
				2CE50957599E4A17BE3DC58B /* Copy Pods Resources */,
			);
			buildRules = (
			);
			dependencies = (
			);
			name = HelloMaps;
			productName = HelloMaps;
			productReference = 86C712D719F1AD9D00B48369 /* HelloMaps.app */;
			productType = "com.apple.product-type.application";
		};
		86C712F219F1AD9D00B48369 /* HelloMapsTests */ = {
			isa = PBXNativeTarget;
			buildConfigurationList = 86C7130019F1AD9D00B48369 /* Build configuration list for PBXNativeTarget "HelloMapsTests" */;
			buildPhases = (
				86C712EF19F1AD9D00B48369 /* Sources */,
				86C712F019F1AD9D00B48369 /* Frameworks */,
				86C712F119F1AD9D00B48369 /* Resources */,
			);
			buildRules = (
			);
			dependencies = (
				86C712F519F1AD9D00B48369 /* PBXTargetDependency */,
			);
			name = HelloMapsTests;
			productName = HelloMapsTests;
			productReference = 86C712F319F1AD9D00B48369 /* HelloMapsTests.xctest */;
			productType = "com.apple.product-type.bundle.unit-test";
		};
/* End PBXNativeTarget section */

/* Begin PBXProject section */
		86C712CF19F1AD9D00B48369 /* Project object */ = {
			isa = PBXProject;
			attributes = {
				LastUpgradeCheck = 0600;
				ORGANIZATIONNAME = hackday;
				TargetAttributes = {
					86C712D619F1AD9D00B48369 = {
						CreatedOnToolsVersion = 6.0.1;
						DevelopmentTeam = D4Z93Q5V24;
					};
					86C712F219F1AD9D00B48369 = {
						CreatedOnToolsVersion = 6.0.1;
						TestTargetID = 86C712D619F1AD9D00B48369;
					};
				};
			};
			buildConfigurationList = 86C712D219F1AD9D00B48369 /* Build configuration list for PBXProject "HelloMaps" */;
			compatibilityVersion = "Xcode 3.2";
			developmentRegion = English;
			hasScannedForEncodings = 0;
			knownRegions = (
				en,
				Base,
			);
			mainGroup = 86C712CE19F1AD9D00B48369;
			productRefGroup = 86C712D819F1AD9D00B48369 /* Products */;
			projectDirPath = "";
			projectRoot = "";
			targets = (
				86C712D619F1AD9D00B48369 /* HelloMaps */,
				86C712F219F1AD9D00B48369 /* HelloMapsTests */,
			);
		};
/* End PBXProject section */

/* Begin PBXResourcesBuildPhase section */
		86C712D519F1AD9D00B48369 /* Resources */ = {
			isa = PBXResourcesBuildPhase;
			buildActionMask = 2147483647;
			files = (
				18B4536819F255660031B840 /* LaunchScreen.xib in Resources */,
				18B4536919F255660031B840 /* Main.storyboard in Resources */,
				86C712EB19F1AD9D00B48369 /* Images.xcassets in Resources */,
			);
			runOnlyForDeploymentPostprocessing = 0;
		};
		86C712F119F1AD9D00B48369 /* Resources */ = {
			isa = PBXResourcesBuildPhase;
			buildActionMask = 2147483647;
			files = (
			);
			runOnlyForDeploymentPostprocessing = 0;
		};
/* End PBXResourcesBuildPhase section */

/* Begin PBXShellScriptBuildPhase section */
		2CE50957599E4A17BE3DC58B /* Copy Pods Resources */ = {
			isa = PBXShellScriptBuildPhase;
			buildActionMask = 2147483647;
			files = (
			);
			inputPaths = (
			);
			name = "Copy Pods Resources";
			outputPaths = (
			);
			runOnlyForDeploymentPostprocessing = 0;
			shellPath = /bin/sh;
			shellScript = "\"${SRCROOT}/Pods/Target Support Files/Pods/Pods-resources.sh\"\n";
			showEnvVarsInLog = 0;
		};
		8277740351464F2481C7A7CD /* Check Pods Manifest.lock */ = {
			isa = PBXShellScriptBuildPhase;
			buildActionMask = 2147483647;
			files = (
			);
			inputPaths = (
			);
			name = "Check Pods Manifest.lock";
			outputPaths = (
			);
			runOnlyForDeploymentPostprocessing = 0;
			shellPath = /bin/sh;
			shellScript = "diff \"${PODS_ROOT}/../Podfile.lock\" \"${PODS_ROOT}/Manifest.lock\" > /dev/null\nif [[ $? != 0 ]] ; then\n    cat << EOM\nerror: The sandbox is not in sync with the Podfile.lock. Run 'pod install' or update your CocoaPods installation.\nEOM\n    exit 1\nfi\n";
			showEnvVarsInLog = 0;
		};
/* End PBXShellScriptBuildPhase section */

/* Begin PBXSourcesBuildPhase section */
		86C712D319F1AD9D00B48369 /* Sources */ = {
			isa = PBXSourcesBuildPhase;
			buildActionMask = 2147483647;
			files = (
				1890BA2E19F24506008A880C /* HMAuthorizationController.m in Sources */,
				86C712E019F1AD9D00B48369 /* AppDelegate.m in Sources */,
				86C712E319F1AD9D00B48369 /* HelloMaps.xcdatamodeld in Sources */,
				86C712DD19F1AD9D00B48369 /* main.m in Sources */,
				86C7131719F24B0300B48369 /* HMFriendsListController.m in Sources */,
			);
			runOnlyForDeploymentPostprocessing = 0;
		};
		86C712EF19F1AD9D00B48369 /* Sources */ = {
			isa = PBXSourcesBuildPhase;
			buildActionMask = 2147483647;
			files = (
				86C712FA19F1AD9D00B48369 /* HelloMapsTests.m in Sources */,
			);
			runOnlyForDeploymentPostprocessing = 0;
		};
/* End PBXSourcesBuildPhase section */

/* Begin PBXTargetDependency section */
		86C712F519F1AD9D00B48369 /* PBXTargetDependency */ = {
			isa = PBXTargetDependency;
			target = 86C712D619F1AD9D00B48369 /* HelloMaps */;
			targetProxy = 86C712F419F1AD9D00B48369 /* PBXContainerItemProxy */;
		};
/* End PBXTargetDependency section */

/* Begin PBXVariantGroup section */
		86C7130F19F246A200B48369 /* LaunchScreen.xib */ = {
			isa = PBXVariantGroup;
			children = (
				86C7131019F246A200B48369 /* Base */,
			);
			name = LaunchScreen.xib;
			sourceTree = "<group>";
		};
		86C7131119F246A200B48369 /* Main.storyboard */ = {
			isa = PBXVariantGroup;
			children = (
				86C7131219F246A200B48369 /* Base */,
			);
			name = Main.storyboard;
			sourceTree = "<group>";
		};
/* End PBXVariantGroup section */

/* Begin XCBuildConfiguration section */
		86C712FB19F1AD9D00B48369 /* Debug */ = {
			isa = XCBuildConfiguration;
			buildSettings = {
				ALWAYS_SEARCH_USER_PATHS = NO;
				CLANG_CXX_LANGUAGE_STANDARD = "gnu++0x";
				CLANG_CXX_LIBRARY = "libc++";
				CLANG_ENABLE_MODULES = YES;
				CLANG_ENABLE_OBJC_ARC = YES;
				CLANG_WARN_BOOL_CONVERSION = YES;
				CLANG_WARN_CONSTANT_CONVERSION = YES;
				CLANG_WARN_DIRECT_OBJC_ISA_USAGE = YES_ERROR;
				CLANG_WARN_EMPTY_BODY = YES;
				CLANG_WARN_ENUM_CONVERSION = YES;
				CLANG_WARN_INT_CONVERSION = YES;
				CLANG_WARN_OBJC_ROOT_CLASS = YES_ERROR;
				CLANG_WARN_UNREACHABLE_CODE = YES;
				CLANG_WARN__DUPLICATE_METHOD_MATCH = YES;
				"CODE_SIGN_IDENTITY[sdk=iphoneos*]" = "iPhone Developer";
				COPY_PHASE_STRIP = NO;
				ENABLE_STRICT_OBJC_MSGSEND = YES;
				GCC_C_LANGUAGE_STANDARD = gnu99;
				GCC_DYNAMIC_NO_PIC = NO;
				GCC_OPTIMIZATION_LEVEL = 0;
				GCC_PREPROCESSOR_DEFINITIONS = (
					"DEBUG=1",
					"$(inherited)",
				);
				GCC_SYMBOLS_PRIVATE_EXTERN = NO;
				GCC_WARN_64_TO_32_BIT_CONVERSION = YES;
				GCC_WARN_ABOUT_RETURN_TYPE = YES_ERROR;
				GCC_WARN_UNDECLARED_SELECTOR = YES;
				GCC_WARN_UNINITIALIZED_AUTOS = YES_AGGRESSIVE;
				GCC_WARN_UNUSED_FUNCTION = YES;
				GCC_WARN_UNUSED_VARIABLE = YES;
				IPHONEOS_DEPLOYMENT_TARGET = 8.0;
				MTL_ENABLE_DEBUG_INFO = YES;
				ONLY_ACTIVE_ARCH = YES;
				SDKROOT = iphoneos;
			};
			name = Debug;
		};
		86C712FC19F1AD9D00B48369 /* Release */ = {
			isa = XCBuildConfiguration;
			buildSettings = {
				ALWAYS_SEARCH_USER_PATHS = NO;
				CLANG_CXX_LANGUAGE_STANDARD = "gnu++0x";
				CLANG_CXX_LIBRARY = "libc++";
				CLANG_ENABLE_MODULES = YES;
				CLANG_ENABLE_OBJC_ARC = YES;
				CLANG_WARN_BOOL_CONVERSION = YES;
				CLANG_WARN_CONSTANT_CONVERSION = YES;
				CLANG_WARN_DIRECT_OBJC_ISA_USAGE = YES_ERROR;
				CLANG_WARN_EMPTY_BODY = YES;
				CLANG_WARN_ENUM_CONVERSION = YES;
				CLANG_WARN_INT_CONVERSION = YES;
				CLANG_WARN_OBJC_ROOT_CLASS = YES_ERROR;
				CLANG_WARN_UNREACHABLE_CODE = YES;
				CLANG_WARN__DUPLICATE_METHOD_MATCH = YES;
				"CODE_SIGN_IDENTITY[sdk=iphoneos*]" = "iPhone Developer";
				COPY_PHASE_STRIP = YES;
				ENABLE_NS_ASSERTIONS = NO;
				ENABLE_STRICT_OBJC_MSGSEND = YES;
				GCC_C_LANGUAGE_STANDARD = gnu99;
				GCC_WARN_64_TO_32_BIT_CONVERSION = YES;
				GCC_WARN_ABOUT_RETURN_TYPE = YES_ERROR;
				GCC_WARN_UNDECLARED_SELECTOR = YES;
				GCC_WARN_UNINITIALIZED_AUTOS = YES_AGGRESSIVE;
				GCC_WARN_UNUSED_FUNCTION = YES;
				GCC_WARN_UNUSED_VARIABLE = YES;
				IPHONEOS_DEPLOYMENT_TARGET = 8.0;
				MTL_ENABLE_DEBUG_INFO = NO;
				SDKROOT = iphoneos;
				VALIDATE_PRODUCT = YES;
			};
			name = Release;
		};
		86C712FE19F1AD9D00B48369 /* Debug */ = {
			isa = XCBuildConfiguration;
			baseConfigurationReference = 440F494008A1FBC9BB6C6CFE /* Pods.debug.xcconfig */;
			buildSettings = {
				ASSETCATALOG_COMPILER_APPICON_NAME = AppIcon;
				CODE_SIGN_IDENTITY = "iPhone Developer";
				"CODE_SIGN_IDENTITY[sdk=iphoneos*]" = "iPhone Developer";
				GCC_PREFIX_HEADER = HelloMaps/PrefixHeader.pch;
				INFOPLIST_FILE = HelloMaps/Info.plist;
				LD_RUNPATH_SEARCH_PATHS = "$(inherited) @executable_path/Frameworks";
				PRODUCT_NAME = "$(TARGET_NAME)";
				PROVISIONING_PROFILE = "";
			};
			name = Debug;
		};
		86C712FF19F1AD9D00B48369 /* Release */ = {
			isa = XCBuildConfiguration;
			baseConfigurationReference = 5189A3B2F05635C148999B14 /* Pods.release.xcconfig */;
			buildSettings = {
				ASSETCATALOG_COMPILER_APPICON_NAME = AppIcon;
				CODE_SIGN_IDENTITY = "iPhone Developer";
				"CODE_SIGN_IDENTITY[sdk=iphoneos*]" = "iPhone Developer";
				GCC_PREFIX_HEADER = HelloMaps/PrefixHeader.pch;
				INFOPLIST_FILE = HelloMaps/Info.plist;
				LD_RUNPATH_SEARCH_PATHS = "$(inherited) @executable_path/Frameworks";
				PRODUCT_NAME = "$(TARGET_NAME)";
				PROVISIONING_PROFILE = "";
			};
			name = Release;
		};
		86C7130119F1AD9D00B48369 /* Debug */ = {
			isa = XCBuildConfiguration;
			buildSettings = {
				BUNDLE_LOADER = "$(TEST_HOST)";
				FRAMEWORK_SEARCH_PATHS = (
					"$(SDKROOT)/Developer/Library/Frameworks",
					"$(inherited)",
				);
				GCC_PREPROCESSOR_DEFINITIONS = (
					"DEBUG=1",
					"$(inherited)",
				);
				INFOPLIST_FILE = HelloMapsTests/Info.plist;
				LD_RUNPATH_SEARCH_PATHS = "$(inherited) @executable_path/Frameworks @loader_path/Frameworks";
				PRODUCT_NAME = "$(TARGET_NAME)";
				TEST_HOST = "$(BUILT_PRODUCTS_DIR)/HelloMaps.app/HelloMaps";
			};
			name = Debug;
		};
		86C7130219F1AD9D00B48369 /* Release */ = {
			isa = XCBuildConfiguration;
			buildSettings = {
				BUNDLE_LOADER = "$(TEST_HOST)";
				FRAMEWORK_SEARCH_PATHS = (
					"$(SDKROOT)/Developer/Library/Frameworks",
					"$(inherited)",
				);
				INFOPLIST_FILE = HelloMapsTests/Info.plist;
				LD_RUNPATH_SEARCH_PATHS = "$(inherited) @executable_path/Frameworks @loader_path/Frameworks";
				PRODUCT_NAME = "$(TARGET_NAME)";
				TEST_HOST = "$(BUILT_PRODUCTS_DIR)/HelloMaps.app/HelloMaps";
			};
			name = Release;
		};
/* End XCBuildConfiguration section */

/* Begin XCConfigurationList section */
		86C712D219F1AD9D00B48369 /* Build configuration list for PBXProject "HelloMaps" */ = {
			isa = XCConfigurationList;
			buildConfigurations = (
				86C712FB19F1AD9D00B48369 /* Debug */,
				86C712FC19F1AD9D00B48369 /* Release */,
			);
			defaultConfigurationIsVisible = 0;
			defaultConfigurationName = Release;
		};
		86C712FD19F1AD9D00B48369 /* Build configuration list for PBXNativeTarget "HelloMaps" */ = {
			isa = XCConfigurationList;
			buildConfigurations = (
				86C712FE19F1AD9D00B48369 /* Debug */,
				86C712FF19F1AD9D00B48369 /* Release */,
			);
			defaultConfigurationIsVisible = 0;
			defaultConfigurationName = Release;
		};
		86C7130019F1AD9D00B48369 /* Build configuration list for PBXNativeTarget "HelloMapsTests" */ = {
			isa = XCConfigurationList;
			buildConfigurations = (
				86C7130119F1AD9D00B48369 /* Debug */,
				86C7130219F1AD9D00B48369 /* Release */,
			);
			defaultConfigurationIsVisible = 0;
			defaultConfigurationName = Release;
		};
/* End XCConfigurationList section */

/* Begin XCVersionGroup section */
		86C712E119F1AD9D00B48369 /* HelloMaps.xcdatamodeld */ = {
			isa = XCVersionGroup;
			children = (
				86C712E219F1AD9D00B48369 /* HelloMaps.xcdatamodel */,
			);
			currentVersion = 86C712E219F1AD9D00B48369 /* HelloMaps.xcdatamodel */;
			path = HelloMaps.xcdatamodeld;
			sourceTree = "<group>";
			versionGroupType = wrapper.xcdatamodel;
		};
/* End XCVersionGroup section */
	};
	rootObject = 86C712CF19F1AD9D00B48369 /* Project object */;
}
